
Microsoft Visual Studio Solution File, Format Version 12.00
# Visual Studio Version 17
VisualStudioVersion = 17.12.35707.178 d17.12
MinimumVisualStudioVersion = 10.0.40219.1
Project("{FAE04EC0-301F-11D3-BF4B-00C04F79EFBC}") = "BankDevsu.Api", "BankDevsu.Api\BankDevsu.Api.csproj", "{E000838B-BE94-4430-BB8D-1E3365AC28F4}"
EndProject
Project("{FAE04EC0-301F-11D3-BF4B-00C04F79EFBC}") = "BankDevsu.Application", "BankDevsu.Application\BankDevsu.Application.csproj", "{46D229D2-5856-46E5-88DF-938B36196C08}"
EndProject
Project("{FAE04EC0-301F-11D3-BF4B-00C04F79EFBC}") = "BankDevsu.Domain", "BankDevsu.Domain\BankDevsu.Domain.csproj", "{4C66DA91-81D5-459B-9E7B-787B63E8E28F}"
EndProject
Project("{FAE04EC0-301F-11D3-BF4B-00C04F79EFBC}") = "BankDevsu.Infrastructure", "BankDevsu.Infrastructure\BankDevsu.Infrastructure.csproj", "{9969FBB7-E4DD-4CD5-A33D-71C6F6842C31}"
EndProject
Project("{FAE04EC0-301F-11D3-BF4B-00C04F79EFBC}") = "BankDevsu.Test", "BankDevsu.Test\BankDevsu.Test.csproj", "{E59C700E-9A88-4A36-963D-9835FC22DAA1}"
EndProject
Global
	GlobalSection(SolutionConfigurationPlatforms) = preSolution
		Debug|Any CPU = Debug|Any CPU
		Release|Any CPU = Release|Any CPU
	EndGlobalSection
	GlobalSection(ProjectConfigurationPlatforms) = postSolution
		{E000838B-BE94-4430-BB8D-1E3365AC28F4}.Debug|Any CPU.ActiveCfg = Debug|Any CPU
		{E000838B-BE94-4430-BB8D-1E3365AC28F4}.Debug|Any CPU.Build.0 = Debug|Any CPU
		{E000838B-BE94-4430-BB8D-1E3365AC28F4}.Release|Any CPU.ActiveCfg = Release|Any CPU
		{E000838B-BE94-4430-BB8D-1E3365AC28F4}.Release|Any CPU.Build.0 = Release|Any CPU
		{46D229D2-5856-46E5-88DF-938B36196C08}.Debug|Any CPU.ActiveCfg = Debug|Any CPU
		{46D229D2-5856-46E5-88DF-938B36196C08}.Debug|Any CPU.Build.0 = Debug|Any CPU
		{46D229D2-5856-46E5-88DF-938B36196C08}.Release|Any CPU.ActiveCfg = Release|Any CPU
		{46D229D2-5856-46E5-88DF-938B36196C08}.Release|Any CPU.Build.0 = Release|Any CPU
		{4C66DA91-81D5-459B-9E7B-787B63E8E28F}.Debug|Any CPU.ActiveCfg = Debug|Any CPU
		{4C66DA91-81D5-459B-9E7B-787B63E8E28F}.Debug|Any CPU.Build.0 = Debug|Any CPU
		{4C66DA91-81D5-459B-9E7B-787B63E8E28F}.Release|Any CPU.ActiveCfg = Release|Any CPU
		{4C66DA91-81D5-459B-9E7B-787B63E8E28F}.Release|Any CPU.Build.0 = Release|Any CPU
		{9969FBB7-E4DD-4CD5-A33D-71C6F6842C31}.Debug|Any CPU.ActiveCfg = Debug|Any CPU
		{9969FBB7-E4DD-4CD5-A33D-71C6F6842C31}.Debug|Any CPU.Build.0 = Debug|Any CPU
		{9969FBB7-E4DD-4CD5-A33D-71C6F6842C31}.Release|Any CPU.ActiveCfg = Release|Any CPU
		{9969FBB7-E4DD-4CD5-A33D-71C6F6842C31}.Release|Any CPU.Build.0 = Release|Any CPU
		{E59C700E-9A88-4A36-963D-9835FC22DAA1}.Debug|Any CPU.ActiveCfg = Debug|Any CPU
		{E59C700E-9A88-4A36-963D-9835FC22DAA1}.Debug|Any CPU.Build.0 = Debug|Any CPU
		{E59C700E-9A88-4A36-963D-9835FC22DAA1}.Release|Any CPU.ActiveCfg = Release|Any CPU
		{E59C700E-9A88-4A36-963D-9835FC22DAA1}.Release|Any CPU.Build.0 = Release|Any CPU
	EndGlobalSection
	GlobalSection(SolutionProperties) = preSolution
		HideSolutionNode = FALSE
	EndGlobalSection
EndGlobal
